github.com/modelcontextprotocol/go-sdk v0.2.0 h1:PESNYOmyM1c369tRkzXLY5hHrazj8x9CY1Xu0fLCryM=
github.com/modelcontextprotocol/go-sdk v0.2.0/go.mod h1:90bPvCzGHl5f4vJkM8JHcBx7GqRzqHJQJBJ36u7Hf3g=
github.com/wailsapp/wails/v2 v2.8.0 h1:Rr8xP3FqGzRfL5bJLXNq4J8RqRvJkHqjN5fJZqJvJc=
github.com/wailsapp/wails/v2 v2.8.0/go.mod h1:lT5hFqXpS0HqM4F1Y8J0TJqKqGq8G9mYc=
