github.com/wailsapp/wails/v2 v2.9.0 h1:Rr8xP3FqGzRfL5bJLXNq4J8RqRvJkHqjN5fJZqJvJc=
github.com/wailsapp/wails/v2 v2.9.0/go.mod h1:7maJV2h+Egl11Ak8QZN/jlGLj2wg05bsQS+ywJPT0gI=
github.com/modelcontextprotocol/go-sdk v1.0.0 h1:PESNYOmyM1c369tRkzXLY5hHrazj8x9CY1Xu0fLCryM=
github.com/modelcontextprotocol/go-sdk v1.0.0/go.mod h1:nYtYQroQ2KQiM0/SbyEPUWQ6xs4B95gJjEalc9AQyOs=
